
Microsoft Visual Studio Solution File, Format Version 12.00
# Visual Studio Version 17
VisualStudioVersion = 17.12.35521.163 d17.12
MinimumVisualStudioVersion = 10.0.40219.1
Project("{FAE04EC0-301F-11D3-BF4B-00C04F79EFBC}") = "Handling File Not Found Exception", "Handling File Not Found Exception\Handling File Not Found Exception.csproj", "{2AC8F659-F31A-4DD3-9CB4-644532CBE965}"
EndProject
Global
	GlobalSection(SolutionConfigurationPlatforms) = preSolution
		Debug|Any CPU = Debug|Any CPU
		Release|Any CPU = Release|Any CPU
	EndGlobalSection
	GlobalSection(ProjectConfigurationPlatforms) = postSolution
		{2AC8F659-F31A-4DD3-9CB4-644532CBE965}.Debug|Any CPU.ActiveCfg = Debug|Any CPU
		{2AC8F659-F31A-4DD3-9CB4-644532CBE965}.Debug|Any CPU.Build.0 = Debug|Any CPU
		{2AC8F659-F31A-4DD3-9CB4-644532CBE965}.Release|Any CPU.ActiveCfg = Release|Any CPU
		{2AC8F659-F31A-4DD3-9CB4-644532CBE965}.Release|Any CPU.Build.0 = Release|Any CPU
	EndGlobalSection
	GlobalSection(SolutionProperties) = preSolution
		HideSolutionNode = FALSE
	EndGlobalSection
EndGlobal
