
Microsoft Visual Studio Solution File, Format Version 12.00
# Visual Studio Version 17
VisualStudioVersion = 17.12.35521.163 d17.12
MinimumVisualStudioVersion = 10.0.40219.1
Project("{FAE04EC0-301F-11D3-BF4B-00C04F79EFBC}") = "ConvertToCharacterStream", "ConvertToCharacterStream\ConvertToCharacterStream.csproj", "{0D88B2D0-3BD8-4741-866F-00016158BF79}"
EndProject
Global
	GlobalSection(SolutionConfigurationPlatforms) = preSolution
		Debug|Any CPU = Debug|Any CPU
		Release|Any CPU = Release|Any CPU
	EndGlobalSection
	GlobalSection(ProjectConfigurationPlatforms) = postSolution
		{0D88B2D0-3BD8-4741-866F-00016158BF79}.Debug|Any CPU.ActiveCfg = Debug|Any CPU
		{0D88B2D0-3BD8-4741-866F-00016158BF79}.Debug|Any CPU.Build.0 = Debug|Any CPU
		{0D88B2D0-3BD8-4741-866F-00016158BF79}.Release|Any CPU.ActiveCfg = Release|Any CPU
		{0D88B2D0-3BD8-4741-866F-00016158BF79}.Release|Any CPU.Build.0 = Release|Any CPU
	EndGlobalSection
	GlobalSection(SolutionProperties) = preSolution
		HideSolutionNode = FALSE
	EndGlobalSection
EndGlobal
